<?xml version="1.0" encoding="utf-8"?>
<Project ToolsVersion="4.0" xmlns="http://schemas.microsoft.com/developer/msbuild/2003">
  <ItemGroup>
    <ClCompile Include="App\app.cpp">
      <Filter>NextAPI</Filter>
    </ClCompile>
    <ClCompile Include="App\main.cpp">
      <Filter>NextAPI</Filter>
    </ClCompile>
    <ClCompile Include="App\SimpleController.cpp">
      <Filter>NextAPI</Filter>
    </ClCompile>
    <ClCompile Include="App\SimpleSound.cpp">
      <Filter>NextAPI</Filter>
    </ClCompile>
    <ClCompile Include="App\SimpleSprite.cpp">
      <Filter>NextAPI</Filter>
    </ClCompile>
    <ClCompile Include="src\Vec2.cpp">
      <Filter>src\Math</Filter>
    </ClCompile>
    <ClCompile Include="src\Mat2.cpp">
      <Filter>src\Math</Filter>
    </ClCompile>
    <ClCompile Include="src\Quat.cpp">
      <Filter>src\Math</Filter>
    </ClCompile>
    <ClCompile Include="src\Vec3.cpp">
      <Filter>src\Math</Filter>
    </ClCompile>
    <ClCompile Include="src\Vec4.cpp">
      <Filter>src\Math</Filter>
    </ClCompile>
    <ClCompile Include="src\Mesh.cpp">
      <Filter>src\Geometry</Filter>
    </ClCompile>
    <ClCompile Include="src\Mat3.cpp">
      <Filter>src\Math</Filter>
    </ClCompile>
    <ClCompile Include="src\Mat4.cpp">
      <Filter>src\Math</Filter>
    </ClCompile>
    <ClCompile Include="src\Game.cpp">
      <Filter>src</Filter>
    </ClCompile>
    <ClCompile Include="src\GameManager.cpp">
      <Filter>src\Manager</Filter>
    </ClCompile>
    <ClCompile Include="src\Renderer.cpp">
      <Filter>src\Renderer</Filter>
    </ClCompile>
    <ClCompile Include="src\Utils.cpp">
      <Filter>src\Utils</Filter>
    </ClCompile>
    <ClCompile Include="src\Camera.cpp">
      <Filter>src\Renderer</Filter>
    </ClCompile>
    <ClCompile Include="src\Transform.cpp">
      <Filter>src\Renderer</Filter>
    </ClCompile>
    <ClCompile Include="src\stdafx.cpp">
      <Filter>src</Filter>
    </ClCompile>
    <ClCompile Include="src\DebugCamera.cpp">
      <Filter>src\Renderer</Filter>
    </ClCompile>
    <ClCompile Include="src\SimpleTexture.cpp">
      <Filter>src\Graphics</Filter>
    </ClCompile>
    <ClCompile Include="stb_image\stb_image.cpp">
      <Filter>stb_image</Filter>
    </ClCompile>
    <ClCompile Include="src\RendererM.cpp">
      <Filter>src\Renderer</Filter>
    </ClCompile>
    <ClCompile Include="src\Tile.cpp">
      <Filter>src\Renderer</Filter>
    </ClCompile>
    <ClCompile Include="src\Clipper.cpp">
      <Filter>src\Renderer</Filter>
    </ClCompile>
    <ClCompile Include="src\UpdateModel.cpp">
      <Filter>src\Renderer</Filter>
    </ClCompile>
    <ClCompile Include="src\SIMD.cpp">
      <Filter>src\SIMD</Filter>
    </ClCompile>
    <ClCompile Include="src\SIMDPixel.cpp">
      <Filter>src\SIMD</Filter>
    </ClCompile>
  </ItemGroup>
  <ItemGroup>
    <ClInclude Include="App\main.h">
      <Filter>include</Filter>
    </ClInclude>
    <ClInclude Include="src\stdafx.h">
      <Filter>include</Filter>
    </ClInclude>
    <ClInclude Include="src\Mat2.h">
      <Filter>include</Filter>
    </ClInclude>
    <ClInclude Include="src\Vec3.h">
      <Filter>include</Filter>
    </ClInclude>
    <ClInclude Include="src\Vec2.h">
      <Filter>include</Filter>
    </ClInclude>
    <ClInclude Include="src\Vec4.h">
      <Filter>include</Filter>
    </ClInclude>
    <ClInclude Include="src\Mat3.h">
      <Filter>include</Filter>
    </ClInclude>
    <ClInclude Include="src\Mat4.h">
      <Filter>include</Filter>
    </ClInclude>
    <ClInclude Include="src\Quat.h">
      <Filter>include</Filter>
    </ClInclude>
    <ClInclude Include="src\Mesh.h">
      <Filter>include</Filter>
    </ClInclude>
    <ClInclude Include="src\Renderer.h">
      <Filter>include</Filter>
    </ClInclude>
    <ClInclude Include="src\Utils.h">
      <Filter>include</Filter>
    </ClInclude>
    <ClInclude Include="src\Camera.h">
      <Filter>include</Filter>
    </ClInclude>
    <ClInclude Include="src\Transform.h">
      <Filter>include</Filter>
    </ClInclude>
    <ClInclude Include="src\Entity.h">
      <Filter>include</Filter>
    </ClInclude>
    <ClInclude Include="App\app.h">
      <Filter>NextAPI</Filter>
    </ClInclude>
    <ClInclude Include="App\AppSettings.h">
      <Filter>NextAPI</Filter>
    </ClInclude>
    <ClInclude Include="src\targetver.h">
      <Filter>NextAPI</Filter>
    </ClInclude>
    <ClInclude Include="App\SimpleSprite.h">
      <Filter>NextAPI</Filter>
    </ClInclude>
    <ClInclude Include="App\SimpleSound.h">
      <Filter>NextAPI</Filter>
    </ClInclude>
    <ClInclude Include="App\SimpleController.h">
      <Filter>NextAPI</Filter>
    </ClInclude>
    <ClInclude Include="src\EntityManager.h">
      <Filter>include</Filter>
    </ClInclude>
    <ClInclude Include="src\VisitorManager.h">
      <Filter>include</Filter>
    </ClInclude>
    <ClInclude Include="src\ComponentArray.h">
      <Filter>include</Filter>
    </ClInclude>
    <ClInclude Include="src\ComponentManager.h">
      <Filter>include</Filter>
    </ClInclude>
    <ClInclude Include="src\System.h">
      <Filter>include</Filter>
    </ClInclude>
    <ClInclude Include="src\Coordinator.h">
      <Filter>include</Filter>
    </ClInclude>
    <ClInclude Include="src\GameManager.h">
      <Filter>include</Filter>
    </ClInclude>
    <ClInclude Include="src\Visitor.h">
      <Filter>include</Filter>
    </ClInclude>
    <ClInclude Include="src\DebugCamera.h">
      <Filter>include</Filter>
    </ClInclude>
    <ClInclude Include="src\SimpleTexture.h">
      <Filter>include</Filter>
    </ClInclude>
    <ClInclude Include="stb_image\stb_image.h">
      <Filter>stb_image</Filter>
    </ClInclude>
    <ClInclude Include="src\Concurrency.h">
      <Filter>include</Filter>
    </ClInclude>
    <ClInclude Include="src\GraphicsBuffer.h">
      <Filter>include</Filter>
    </ClInclude>
    <ClInclude Include="src\RendererM.h">
      <Filter>include</Filter>
    </ClInclude>
    <ClInclude Include="src\DepthBuffer.h">
      <Filter>include</Filter>
    </ClInclude>
    <ClInclude Include="src\Tile.h">
      <Filter>include</Filter>
    </ClInclude>
    <ClInclude Include="src\Clipper.h">
      <Filter>include</Filter>
    </ClInclude>
    <ClInclude Include="src\ColorBuffer.h">
      <Filter>include</Filter>
    </ClInclude>
    <ClInclude Include="src\SIMD.h">
      <Filter>include</Filter>
    </ClInclude>
    <ClInclude Include="src\UpdateModel.h">
      <Filter>include</Filter>
    </ClInclude>
    <ClInclude Include="src\SIMDPixel.h">
      <Filter>include</Filter>
    </ClInclude>
  </ItemGroup>
  <ItemGroup>
    <Filter Include="include">
      <UniqueIdentifier>{19e5bf67-3360-45e5-b97c-557c91e85473}</UniqueIdentifier>
    </Filter>
    <Filter Include="src">
      <UniqueIdentifier>{71069bac-0b76-4803-a768-6cc95719bc2b}</UniqueIdentifier>
    </Filter>
    <Filter Include="src\Math">
      <UniqueIdentifier>{0e20d3c2-2284-432d-9ce9-1128679c7076}</UniqueIdentifier>
    </Filter>
    <Filter Include="src\Geometry">
      <UniqueIdentifier>{f0853b4a-1c3e-4886-b491-9677e53ec78f}</UniqueIdentifier>
    </Filter>
    <Filter Include="src\Manager">
      <UniqueIdentifier>{63e12452-ef8d-4307-9b96-e0da3dab4610}</UniqueIdentifier>
    </Filter>
    <Filter Include="src\Renderer">
      <UniqueIdentifier>{4f97ac51-32ed-4e03-a4ba-7b967f83e964}</UniqueIdentifier>
    </Filter>
    <Filter Include="src\Utils">
      <UniqueIdentifier>{9a6dc7e8-5752-400b-907e-e14391272622}</UniqueIdentifier>
    </Filter>
    <Filter Include="src\Graphics">
      <UniqueIdentifier>{13e8acbb-f2a3-4216-af2f-6e2b5d414b8f}</UniqueIdentifier>
    </Filter>
    <Filter Include="stb_image">
      <UniqueIdentifier>{7cf93cb0-a47c-42d4-8e13-6e35e67cab17}</UniqueIdentifier>
    </Filter>
    <Filter Include="NextAPI">
      <UniqueIdentifier>{2053fc19-7e4a-40ae-b070-e199c6c3ba67}</UniqueIdentifier>
    </Filter>
    <Filter Include="src\SIMD">
      <UniqueIdentifier>{d30c747d-20eb-4f5f-b566-65ffdf911c62}</UniqueIdentifier>
    </Filter>
    <Filter Include="src\Shader">
      <UniqueIdentifier>{32223a4c-7084-47ba-9a00-0b80c4245c9b}</UniqueIdentifier>
    </Filter>
  </ItemGroup>
  <ItemGroup>
    <Text Include="ReadMe.txt" />
    <Text Include="scratch.txt" />
  </ItemGroup>
  <ItemGroup>
    <None Include="Readme.md" />
  </ItemGroup>
</Project>